
Microsoft Visual Studio Solution File, Format Version 12.00
# Visual Studio 15
VisualStudioVersion = 15.0.28307.329
MinimumVisualStudioVersion = 10.0.40219.1
Project("{FAE04EC0-301F-11D3-BF4B-00C04F79EFBC}") = "OwenIntegration", "OwenIntegration\OwenIntegration.csproj", "{1E7E141A-7B88-4DE5-8714-223B8E7E884E}"
EndProject
Global
	GlobalSection(SolutionConfigurationPlatforms) = preSolution
		Debug|Any CPU = Debug|Any CPU
		Release|Any CPU = Release|Any CPU
	EndGlobalSection
	GlobalSection(ProjectConfigurationPlatforms) = postSolution
		{1E7E141A-7B88-4DE5-8714-223B8E7E884E}.Debug|Any CPU.ActiveCfg = Debug|Any CPU
		{1E7E141A-7B88-4DE5-8714-223B8E7E884E}.Debug|Any CPU.Build.0 = Debug|Any CPU
		{1E7E141A-7B88-4DE5-8714-223B8E7E884E}.Release|Any CPU.ActiveCfg = Release|Any CPU
		{1E7E141A-7B88-4DE5-8714-223B8E7E884E}.Release|Any CPU.Build.0 = Release|Any CPU
	EndGlobalSection
	GlobalSection(SolutionProperties) = preSolution
		HideSolutionNode = FALSE
	EndGlobalSection
	GlobalSection(ExtensibilityGlobals) = postSolution
		SolutionGuid = {AEE74841-793F-4DFA-A2A0-CEED99400DE8}
	EndGlobalSection
EndGlobal
